{
  "name": "restaurant-inventory-system",
  "version": "1.0.0",
  "lockfileVersion": 3,
  "requires": true,
  "packages": {
    "": {
      "name": "restaurant-inventory-system",
      "version": "1.0.0",
      "workspaces": [
        "packages/*"
      ],
      "devDependencies": {
        "@typescript-eslint/eslint-plugin": "^6.0.0",
        "@typescript-eslint/parser": "^6.0.0",
        "eslint": "^8.0.0",
        "prettier": "^3.0.0",
        "typescript": "^5.0.0"
      }
    },
    "node_modules/@typescript-eslint/eslint-plugin": {
      "version": "6.21.0",
      "resolved": "https://registry.npmjs.org/@typescript-eslint/eslint-plugin/-/eslint-plugin-6.21.0.tgz",
      "integrity": "sha512-oy9+hTPCUFpngkEZUSzbf9MxI65wbKFoQYsgPdILTfbUldp5ovUuphZVe4i30emU9M/kP+T64Di0mxl7dSw3MA==",
      "dev": true,
      "engines": {
        "node": "^16.0.0 || >=18.0.0"
      },
      "peerDependencies": {
        "@typescript-eslint/parser": "^6.0.0 || ^6.0.0-alpha",
        "eslint": "^7.0.0 || ^8.0.0"
      }
    },
    "node_modules/@typescript-eslint/parser": {
      "version": "6.21.0",
      "resolved": "https://registry.npmjs.org/@typescript-eslint/parser/-/parser-6.21.0.tgz",
      "integrity": "sha512-tbsV1jPne5CkFQCgPBcDOt30ItF7aJoZL997JSF7MhGQqOeT3svWRYxiqlfA5RUdlHN6Fi+EI9bxqbdyAUZjYQ==",
      "dev": true,
      "engines": {
        "node": "^16.0.0 || >=18.0.0"
      },
      "peerDependencies": {
        "eslint": "^7.0.0 || ^8.0.0",
        "typescript": "*"
      }
    },
    "node_modules/eslint": {
      "version": "8.57.0",
      "resolved": "https://registry.npmjs.org/eslint/-/eslint-8.57.0.tgz",
      "integrity": "sha512-dZ6+mexnaTIbSBZWgou51U6OmzIhYM2VcNdtiTtI7qPNZm35Akpr0f6vtw3w1Kmn5PYo+tZVfh13WrhpS6oLqQ==",
      "dev": true,
      "bin": {
        "eslint": "bin/eslint.js"
      },
      "engines": {
        "node": "^12.22.0 || ^14.17.0 || >=16.0.0"
      }
    },
    "node_modules/prettier": {
      "version": "3.2.5",
      "resolved": "https://registry.npmjs.org/prettier/-/prettier-3.2.5.tgz",
      "integrity": "sha512-3/GWa9aOC0YeD7LUfvOG2NiDyhOWRvt1k+rcKhOuYnMY24iiCphgneUfJDyFXd6rZCAnuLBv6UeAULtrhT/F4A==",
      "dev": true,
      "bin": {
        "prettier": "bin/prettier.cjs"
      },
      "engines": {
        "node": ">=14"
      }
    },
    "node_modules/typescript": {
      "version": "5.4.2",
      "resolved": "https://registry.npmjs.org/typescript/-/typescript-5.4.2.tgz",
      "integrity": "sha512-+2/g0Fds1ERlP6JsakQQDXjZdZMM+rqpamFZJEKh4kwTIn3iDkgKtby0CeNd5ATNZ4Ry1ax15TMx0W2V+miizQ==",
      "dev": true,
      "bin": {
        "tsc": "bin/tsc",
        "tsserver": "bin/tsserver"
      },
      "engines": {
        "node": ">=14.17"
      }
    },
    "packages/api": {
      "name": "@restaurant-inventory/api",
      "version": "1.0.0",
      "dependencies": {
        "@aws-lambda-powertools/logger": "^1.14.0",
        "@aws-lambda-powertools/metrics": "^1.14.0",
        "@aws-lambda-powertools/tracer": "^1.14.0",
        "@aws-sdk/client-dynamodb": "^3.450.0",
        "@aws-sdk/lib-dynamodb": "^3.450.0",
        "@restaurant-inventory/shared": "^1.0.0",
        "aws-lambda": "^1.0.7",
        "jsonwebtoken": "^9.0.2",
        "bcryptjs": "^2.4.3"
      },
      "devDependencies": {
        "@types/aws-lambda": "^8.10.0",
        "@types/node": "^20.0.0",
        "@types/jsonwebtoken": "^9.0.0",
        "@types/bcryptjs": "^2.4.0",
        "jest": "^29.0.0",
        "typescript": "^5.0.0"
      }
    },
    "packages/infrastructure": {
      "name": "@restaurant-inventory/infrastructure",
      "version": "1.0.0",
      "dependencies": {
        "aws-cdk-lib": "^2.100.0",
        "constructs": "^10.3.0",
        "@restaurant-inventory/shared": "^1.0.0"
      },
      "devDependencies": {
        "@types/node": "^20.0.0",
        "typescript": "^5.0.0",
        "aws-cdk": "^2.100.0"
      }
    },
    "packages/mobile": {
      "name": "@restaurant-inventory/mobile",
      "version": "1.0.0",
      "dependencies": {
        "@expo/vector-icons": "^13.0.0",
        "@react-navigation/native": "^6.1.0",
        "@react-navigation/stack": "^6.3.0",
        "@react-native-async-storage/async-storage": "^1.19.0",
        "@react-native-community/netinfo": "^9.4.0",
        "@restaurant-inventory/shared": "^1.0.0",
        "expo": "~49.0.0",
        "expo-status-bar": "~1.6.0",
        "react": "18.2.0",
        "react-native": "0.72.0",
        "react-native-paper": "^5.10.0",
        "react-native-safe-area-context": "4.6.3",
        "react-native-screens": "~3.22.0",
        "react-query": "^3.39.0"
      },
      "devDependencies": {
        "@babel/core": "^7.20.0",
        "@types/react": "~18.2.14",
        "@types/react-native": "~0.72.0",
        "jest": "^29.0.0",
        "typescript": "^5.0.0"
      }
    },
    "packages/shared": {
      "name": "@restaurant-inventory/shared",
      "version": "1.0.0",
      "dependencies": {
        "zod": "^3.22.0"
      },
      "devDependencies": {
        "@types/node": "^20.0.0",
        "jest": "^29.0.0",
        "ts-jest": "^29.0.0",
        "typescript": "^5.0.0"
      }
    }
  }
}